// !$*UTF8*$!
{
	archiveVersion = 1;
	classes = {
	};
	objectVersion = 50;
	objects = {

/* Begin PBXBuildFile section */
		A43859772253654D00A3F3E4 /* AppDelegate.swift in Sources */ = {isa = PBXBuildFile; fileRef = A43859762253654D00A3F3E4 /* AppDelegate.swift */; };
		A43859792253654D00A3F3E4 /* WelcomeVC.swift in Sources */ = {isa = PBXBuildFile; fileRef = A43859782253654D00A3F3E4 /* WelcomeVC.swift */; };
		A438597C2253654D00A3F3E4 /* Main.storyboard in Resources */ = {isa = PBXBuildFile; fileRef = A438597A2253654D00A3F3E4 /* Main.storyboard */; };
		A438597E2253655300A3F3E4 /* Assets.xcassets in Resources */ = {isa = PBXBuildFile; fileRef = A438597D2253655300A3F3E4 /* Assets.xcassets */; };
		A43859812253655300A3F3E4 /* LaunchScreen.storyboard in Resources */ = {isa = PBXBuildFile; fileRef = A438597F2253655300A3F3E4 /* LaunchScreen.storyboard */; };
		A4BA984B225B454300CD7704 /* Cell.swift in Sources */ = {isa = PBXBuildFile; fileRef = A4BA984A225B454300CD7704 /* Cell.swift */; };
		A4BA984D225B683000CD7704 /* MineField.swift in Sources */ = {isa = PBXBuildFile; fileRef = A4BA984C225B683000CD7704 /* MineField.swift */; };
		A4BA984F225BA48400CD7704 /* GameManager.swift in Sources */ = {isa = PBXBuildFile; fileRef = A4BA984E225BA48400CD7704 /* GameManager.swift */; };
		A4BA9855225BBD6400CD7704 /* Difficulty.swift in Sources */ = {isa = PBXBuildFile; fileRef = A4BA9854225BBD6400CD7704 /* Difficulty.swift */; };
		A4D7D2F12263B35400FCF085 /* DataModel.xcdatamodeld in Sources */ = {isa = PBXBuildFile; fileRef = A4D7D2EF2263B35400FCF085 /* DataModel.xcdatamodeld */; };
		A4D7D2F32263BB1400FCF085 /* HighScoreViewController.swift in Sources */ = {isa = PBXBuildFile; fileRef = A4D7D2F22263BB1400FCF085 /* HighScoreViewController.swift */; };
		A4D7D2FB2263D61D00FCF085 /* Score.swift in Sources */ = {isa = PBXBuildFile; fileRef = A4D7D2FA2263D61D00FCF085 /* Score.swift */; };
		A4D7D2FD2263DD5F00FCF085 /* ScoreTableViewCell.swift in Sources */ = {isa = PBXBuildFile; fileRef = A4D7D2FC2263DD5F00FCF085 /* ScoreTableViewCell.swift */; };
		A4E5BBD8225CBF95001743C4 /* DifficultyVC.swift in Sources */ = {isa = PBXBuildFile; fileRef = A4E5BBD7225CBF95001743C4 /* DifficultyVC.swift */; };
		A4E5BBDA225CD868001743C4 /* GameBoardVC.swift in Sources */ = {isa = PBXBuildFile; fileRef = A4E5BBD9225CD868001743C4 /* GameBoardVC.swift */; };
		A4E6BBF6225A66E600D5727B /* ImageCollectionViewCell.swift in Sources */ = {isa = PBXBuildFile; fileRef = A4E6BBF5225A66E600D5727B /* ImageCollectionViewCell.swift */; };
/* End PBXBuildFile section */

/* Begin PBXFileReference section */
		A43859732253654D00A3F3E4 /* Minesweeper.app */ = {isa = PBXFileReference; explicitFileType = wrapper.application; includeInIndex = 0; path = Minesweeper.app; sourceTree = BUILT_PRODUCTS_DIR; };
		A43859762253654D00A3F3E4 /* AppDelegate.swift */ = {isa = PBXFileReference; lastKnownFileType = sourcecode.swift; path = AppDelegate.swift; sourceTree = "<group>"; };
		A43859782253654D00A3F3E4 /* WelcomeVC.swift */ = {isa = PBXFileReference; lastKnownFileType = sourcecode.swift; path = WelcomeVC.swift; sourceTree = "<group>"; };
		A438597B2253654D00A3F3E4 /* Base */ = {isa = PBXFileReference; lastKnownFileType = file.storyboard; name = Base; path = Base.lproj/Main.storyboard; sourceTree = "<group>"; };
		A438597D2253655300A3F3E4 /* Assets.xcassets */ = {isa = PBXFileReference; lastKnownFileType = folder.assetcatalog; path = Assets.xcassets; sourceTree = "<group>"; };
		A43859802253655300A3F3E4 /* Base */ = {isa = PBXFileReference; lastKnownFileType = file.storyboard; name = Base; path = Base.lproj/LaunchScreen.storyboard; sourceTree = "<group>"; };
		A43859822253655300A3F3E4 /* Info.plist */ = {isa = PBXFileReference; lastKnownFileType = text.plist.xml; path = Info.plist; sourceTree = "<group>"; };
		A4BA984A225B454300CD7704 /* Cell.swift */ = {isa = PBXFileReference; lastKnownFileType = sourcecode.swift; path = Cell.swift; sourceTree = "<group>"; };
		A4BA984C225B683000CD7704 /* MineField.swift */ = {isa = PBXFileReference; lastKnownFileType = sourcecode.swift; path = MineField.swift; sourceTree = "<group>"; };
		A4BA984E225BA48400CD7704 /* GameManager.swift */ = {isa = PBXFileReference; lastKnownFileType = sourcecode.swift; path = GameManager.swift; sourceTree = "<group>"; };
		A4BA9854225BBD6400CD7704 /* Difficulty.swift */ = {isa = PBXFileReference; lastKnownFileType = sourcecode.swift; path = Difficulty.swift; sourceTree = "<group>"; };
		A4D7D2F02263B35400FCF085 /* DataModel.xcdatamodel */ = {isa = PBXFileReference; lastKnownFileType = wrapper.xcdatamodel; path = DataModel.xcdatamodel; sourceTree = "<group>"; };
		A4D7D2F22263BB1400FCF085 /* HighScoreViewController.swift */ = {isa = PBXFileReference; lastKnownFileType = sourcecode.swift; path = HighScoreViewController.swift; sourceTree = "<group>"; };
		A4D7D2FA2263D61D00FCF085 /* Score.swift */ = {isa = PBXFileReference; lastKnownFileType = sourcecode.swift; path = Score.swift; sourceTree = "<group>"; };
		A4D7D2FC2263DD5F00FCF085 /* ScoreTableViewCell.swift */ = {isa = PBXFileReference; lastKnownFileType = sourcecode.swift; path = ScoreTableViewCell.swift; sourceTree = "<group>"; };
		A4E5BBD7225CBF95001743C4 /* DifficultyVC.swift */ = {isa = PBXFileReference; lastKnownFileType = sourcecode.swift; path = DifficultyVC.swift; sourceTree = "<group>"; };
		A4E5BBD9225CD868001743C4 /* GameBoardVC.swift */ = {isa = PBXFileReference; lastKnownFileType = sourcecode.swift; path = GameBoardVC.swift; sourceTree = "<group>"; };
		A4E6BBF5225A66E600D5727B /* ImageCollectionViewCell.swift */ = {isa = PBXFileReference; lastKnownFileType = sourcecode.swift; path = ImageCollectionViewCell.swift; sourceTree = "<group>"; };
/* End PBXFileReference section */

/* Begin PBXFrameworksBuildPhase section */
		A43859702253654D00A3F3E4 /* Frameworks */ = {
			isa = PBXFrameworksBuildPhase;
			buildActionMask = 2147483647;
			files = (
			);
			runOnlyForDeploymentPostprocessing = 0;
		};
/* End PBXFrameworksBuildPhase section */

/* Begin PBXGroup section */
		A438596A2253654D00A3F3E4 = {
			isa = PBXGroup;
			children = (
				A43859752253654D00A3F3E4 /* Minesweeper */,
				A43859742253654D00A3F3E4 /* Products */,
			);
			sourceTree = "<group>";
		};
		A43859742253654D00A3F3E4 /* Products */ = {
			isa = PBXGroup;
			children = (
				A43859732253654D00A3F3E4 /* Minesweeper.app */,
			);
			name = Products;
			sourceTree = "<group>";
		};
		A43859752253654D00A3F3E4 /* Minesweeper */ = {
			isa = PBXGroup;
			children = (
				A4E5BBD6225CB6F3001743C4 /* Controller */,
				A4E5BBD4225CB6C1001743C4 /* View */,
				A43859762253654D00A3F3E4 /* AppDelegate.swift */,
				A4BA9849225B44FB00CD7704 /* Model */,
				A438597A2253654D00A3F3E4 /* Main.storyboard */,
				A438597D2253655300A3F3E4 /* Assets.xcassets */,
				A438597F2253655300A3F3E4 /* LaunchScreen.storyboard */,
				A43859822253655300A3F3E4 /* Info.plist */,
				A4D7D2EF2263B35400FCF085 /* DataModel.xcdatamodeld */,
			);
			path = Minesweeper;
			sourceTree = "<group>";
		};
		A4BA9849225B44FB00CD7704 /* Model */ = {
			isa = PBXGroup;
			children = (
				A4BA984A225B454300CD7704 /* Cell.swift */,
				A4BA984C225B683000CD7704 /* MineField.swift */,
				A4BA984E225BA48400CD7704 /* GameManager.swift */,
				A4BA9854225BBD6400CD7704 /* Difficulty.swift */,
				A4D7D2FA2263D61D00FCF085 /* Score.swift */,
			);
			path = Model;
			sourceTree = "<group>";
		};
		A4E5BBD4225CB6C1001743C4 /* View */ = {
			isa = PBXGroup;
			children = (
				A4E6BBF5225A66E600D5727B /* ImageCollectionViewCell.swift */,
				A4D7D2FC2263DD5F00FCF085 /* ScoreTableViewCell.swift */,
			);
			path = View;
			sourceTree = "<group>";
		};
		A4E5BBD6225CB6F3001743C4 /* Controller */ = {
			isa = PBXGroup;
			children = (
				A43859782253654D00A3F3E4 /* WelcomeVC.swift */,
				A4E5BBD7225CBF95001743C4 /* DifficultyVC.swift */,
				A4E5BBD9225CD868001743C4 /* GameBoardVC.swift */,
				A4D7D2F22263BB1400FCF085 /* HighScoreViewController.swift */,
			);
			path = Controller;
			sourceTree = "<group>";
		};
/* End PBXGroup section */

/* Begin PBXNativeTarget section */
		A43859722253654D00A3F3E4 /* Minesweeper */ = {
			isa = PBXNativeTarget;
			buildConfigurationList = A43859852253655300A3F3E4 /* Build configuration list for PBXNativeTarget "Minesweeper" */;
			buildPhases = (
				A438596F2253654D00A3F3E4 /* Sources */,
				A43859702253654D00A3F3E4 /* Frameworks */,
				A43859712253654D00A3F3E4 /* Resources */,
			);
			buildRules = (
			);
			dependencies = (
			);
			name = Minesweeper;
			productName = Minesweeper;
			productReference = A43859732253654D00A3F3E4 /* Minesweeper.app */;
			productType = "com.apple.product-type.application";
		};
/* End PBXNativeTarget section */

/* Begin PBXProject section */
		A438596B2253654D00A3F3E4 /* Project object */ = {
			isa = PBXProject;
			attributes = {
				LastSwiftUpdateCheck = 1010;
				LastUpgradeCheck = 1010;
				ORGANIZATIONNAME = "Chen Cohen";
				TargetAttributes = {
					A43859722253654D00A3F3E4 = {
						CreatedOnToolsVersion = 10.1;
					};
				};
			};
			buildConfigurationList = A438596E2253654D00A3F3E4 /* Build configuration list for PBXProject "Minesweeper" */;
			compatibilityVersion = "Xcode 9.3";
			developmentRegion = en;
			hasScannedForEncodings = 0;
			knownRegions = (
				en,
				Base,
			);
			mainGroup = A438596A2253654D00A3F3E4;
			productRefGroup = A43859742253654D00A3F3E4 /* Products */;
			projectDirPath = "";
			projectRoot = "";
			targets = (
				A43859722253654D00A3F3E4 /* Minesweeper */,
			);
		};
/* End PBXProject section */

/* Begin PBXResourcesBuildPhase section */
		A43859712253654D00A3F3E4 /* Resources */ = {
			isa = PBXResourcesBuildPhase;
			buildActionMask = 2147483647;
			files = (
				A43859812253655300A3F3E4 /* LaunchScreen.storyboard in Resources */,
				A438597E2253655300A3F3E4 /* Assets.xcassets in Resources */,
				A438597C2253654D00A3F3E4 /* Main.storyboard in Resources */,
			);
			runOnlyForDeploymentPostprocessing = 0;
		};
/* End PBXResourcesBuildPhase section */

/* Begin PBXSourcesBuildPhase section */
		A438596F2253654D00A3F3E4 /* Sources */ = {
			isa = PBXSourcesBuildPhase;
			buildActionMask = 2147483647;
			files = (
				A4D7D2F32263BB1400FCF085 /* HighScoreViewController.swift in Sources */,
				A43859792253654D00A3F3E4 /* WelcomeVC.swift in Sources */,
				A4D7D2FB2263D61D00FCF085 /* Score.swift in Sources */,
				A4D7D2F12263B35400FCF085 /* DataModel.xcdatamodeld in Sources */,
				A4BA984F225BA48400CD7704 /* GameManager.swift in Sources */,
				A4E5BBDA225CD868001743C4 /* GameBoardVC.swift in Sources */,
				A4BA984D225B683000CD7704 /* MineField.swift in Sources */,
				A4BA984B225B454300CD7704 /* Cell.swift in Sources */,
				A4E5BBD8225CBF95001743C4 /* DifficultyVC.swift in Sources */,
				A4D7D2FD2263DD5F00FCF085 /* ScoreTableViewCell.swift in Sources */,
				A43859772253654D00A3F3E4 /* AppDelegate.swift in Sources */,
				A4BA9855225BBD6400CD7704 /* Difficulty.swift in Sources */,
				A4E6BBF6225A66E600D5727B /* ImageCollectionViewCell.swift in Sources */,
			);
			runOnlyForDeploymentPostprocessing = 0;
		};
/* End PBXSourcesBuildPhase section */

/* Begin PBXVariantGroup section */
		A438597A2253654D00A3F3E4 /* Main.storyboard */ = {
			isa = PBXVariantGroup;
			children = (
				A438597B2253654D00A3F3E4 /* Base */,
			);
			name = Main.storyboard;
			sourceTree = "<group>";
		};
		A438597F2253655300A3F3E4 /* LaunchScreen.storyboard */ = {
			isa = PBXVariantGroup;
			children = (
				A43859802253655300A3F3E4 /* Base */,
			);
			name = LaunchScreen.storyboard;
			sourceTree = "<group>";
		};
/* End PBXVariantGroup section */

/* Begin XCBuildConfiguration section */
		A43859832253655300A3F3E4 /* Debug */ = {
			isa = XCBuildConfiguration;
			buildSettings = {
				ALWAYS_SEARCH_USER_PATHS = NO;
				CLANG_ANALYZER_NONNULL = YES;
				CLANG_ANALYZER_NUMBER_OBJECT_CONVERSION = YES_AGGRESSIVE;
				CLANG_CXX_LANGUAGE_STANDARD = "gnu++14";
				CLANG_CXX_LIBRARY = "libc++";
				CLANG_ENABLE_MODULES = YES;
				CLANG_ENABLE_OBJC_ARC = YES;
				CLANG_ENABLE_OBJC_WEAK = YES;
				CLANG_WARN_BLOCK_CAPTURE_AUTORELEASING = YES;
				CLANG_WARN_BOOL_CONVERSION = YES;
				CLANG_WARN_COMMA = YES;
				CLANG_WARN_CONSTANT_CONVERSION = YES;
				CLANG_WARN_DEPRECATED_OBJC_IMPLEMENTATIONS = YES;
				CLANG_WARN_DIRECT_OBJC_ISA_USAGE = YES_ERROR;
				CLANG_WARN_DOCUMENTATION_COMMENTS = YES;
				CLANG_WARN_EMPTY_BODY = YES;
				CLANG_WARN_ENUM_CONVERSION = YES;
				CLANG_WARN_INFINITE_RECURSION = YES;
				CLANG_WARN_INT_CONVERSION = YES;
				CLANG_WARN_NON_LITERAL_NULL_CONVERSION = YES;
				CLANG_WARN_OBJC_IMPLICIT_RETAIN_SELF = YES;
				CLANG_WARN_OBJC_LITERAL_CONVERSION = YES;
				CLANG_WARN_OBJC_ROOT_CLASS = YES_ERROR;
				CLANG_WARN_RANGE_LOOP_ANALYSIS = YES;
				CLANG_WARN_STRICT_PROTOTYPES = YES;
				CLANG_WARN_SUSPICIOUS_MOVE = YES;
				CLANG_WARN_UNGUARDED_AVAILABILITY = YES_AGGRESSIVE;
				CLANG_WARN_UNREACHABLE_CODE = YES;
				CLANG_WARN__DUPLICATE_METHOD_MATCH = YES;
				CODE_SIGN_IDENTITY = "iPhone Developer";
				COPY_PHASE_STRIP = NO;
				DEBUG_INFORMATION_FORMAT = dwarf;
				ENABLE_STRICT_OBJC_MSGSEND = YES;
				ENABLE_TESTABILITY = YES;
				GCC_C_LANGUAGE_STANDARD = gnu11;
				GCC_DYNAMIC_NO_PIC = NO;
				GCC_NO_COMMON_BLOCKS = YES;
				GCC_OPTIMIZATION_LEVEL = 0;
				GCC_PREPROCESSOR_DEFINITIONS = (
					"DEBUG=1",
					"$(inherited)",
				);
				GCC_WARN_64_TO_32_BIT_CONVERSION = YES;
				GCC_WARN_ABOUT_RETURN_TYPE = YES_ERROR;
				GCC_WARN_UNDECLARED_SELECTOR = YES;
				GCC_WARN_UNINITIALIZED_AUTOS = YES_AGGRESSIVE;
				GCC_WARN_UNUSED_FUNCTION = YES;
				GCC_WARN_UNUSED_VARIABLE = YES;
				IPHONEOS_DEPLOYMENT_TARGET = 12.1;
				MTL_ENABLE_DEBUG_INFO = INCLUDE_SOURCE;
				MTL_FAST_MATH = YES;
				ONLY_ACTIVE_ARCH = YES;
				SDKROOT = iphoneos;
				SWIFT_ACTIVE_COMPILATION_CONDITIONS = DEBUG;
				SWIFT_OPTIMIZATION_LEVEL = "-Onone";
			};
			name = Debug;
		};
		A43859842253655300A3F3E4 /* Release */ = {
			isa = XCBuildConfiguration;
			buildSettings = {
				ALWAYS_SEARCH_USER_PATHS = NO;
				CLANG_ANALYZER_NONNULL = YES;
				CLANG_ANALYZER_NUMBER_OBJECT_CONVERSION = YES_AGGRESSIVE;
				CLANG_CXX_LANGUAGE_STANDARD = "gnu++14";
				CLANG_CXX_LIBRARY = "libc++";
				CLANG_ENABLE_MODULES = YES;
				CLANG_ENABLE_OBJC_ARC = YES;
				CLANG_ENABLE_OBJC_WEAK = YES;
				CLANG_WARN_BLOCK_CAPTURE_AUTORELEASING = YES;
				CLANG_WARN_BOOL_CONVERSION = YES;
				CLANG_WARN_COMMA = YES;
				CLANG_WARN_CONSTANT_CONVERSION = YES;
				CLANG_WARN_DEPRECATED_OBJC_IMPLEMENTATIONS = YES;
				CLANG_WARN_DIRECT_OBJC_ISA_USAGE = YES_ERROR;
				CLANG_WARN_DOCUMENTATION_COMMENTS = YES;
				CLANG_WARN_EMPTY_BODY = YES;
				CLANG_WARN_ENUM_CONVERSION = YES;
				CLANG_WARN_INFINITE_RECURSION = YES;
				CLANG_WARN_INT_CONVERSION = YES;
				CLANG_WARN_NON_LITERAL_NULL_CONVERSION = YES;
				CLANG_WARN_OBJC_IMPLICIT_RETAIN_SELF = YES;
				CLANG_WARN_OBJC_LITERAL_CONVERSION = YES;
				CLANG_WARN_OBJC_ROOT_CLASS = YES_ERROR;
				CLANG_WARN_RANGE_LOOP_ANALYSIS = YES;
				CLANG_WARN_STRICT_PROTOTYPES = YES;
				CLANG_WARN_SUSPICIOUS_MOVE = YES;
				CLANG_WARN_UNGUARDED_AVAILABILITY = YES_AGGRESSIVE;
				CLANG_WARN_UNREACHABLE_CODE = YES;
				CLANG_WARN__DUPLICATE_METHOD_MATCH = YES;
				CODE_SIGN_IDENTITY = "iPhone Developer";
				COPY_PHASE_STRIP = NO;
				DEBUG_INFORMATION_FORMAT = "dwarf-with-dsym";
				ENABLE_NS_ASSERTIONS = NO;
				ENABLE_STRICT_OBJC_MSGSEND = YES;
				GCC_C_LANGUAGE_STANDARD = gnu11;
				GCC_NO_COMMON_BLOCKS = YES;
				GCC_WARN_64_TO_32_BIT_CONVERSION = YES;
				GCC_WARN_ABOUT_RETURN_TYPE = YES_ERROR;
				GCC_WARN_UNDECLARED_SELECTOR = YES;
				GCC_WARN_UNINITIALIZED_AUTOS = YES_AGGRESSIVE;
				GCC_WARN_UNUSED_FUNCTION = YES;
				GCC_WARN_UNUSED_VARIABLE = YES;
				IPHONEOS_DEPLOYMENT_TARGET = 12.1;
				MTL_ENABLE_DEBUG_INFO = NO;
				MTL_FAST_MATH = YES;
				SDKROOT = iphoneos;
				SWIFT_COMPILATION_MODE = wholemodule;
				SWIFT_OPTIMIZATION_LEVEL = "-O";
				VALIDATE_PRODUCT = YES;
			};
			name = Release;
		};
		A43859862253655300A3F3E4 /* Debug */ = {
			isa = XCBuildConfiguration;
			buildSettings = {
				ASSETCATALOG_COMPILER_APPICON_NAME = AppIcon;
				CODE_SIGN_STYLE = Automatic;
				DEVELOPMENT_TEAM = 87JPL66L2H;
				INFOPLIST_FILE = Minesweeper/Info.plist;
				LD_RUNPATH_SEARCH_PATHS = (
					"$(inherited)",
					"@executable_path/Frameworks",
				);
				PRODUCT_BUNDLE_IDENTIFIER = chencohen.Minesweeper;
				PRODUCT_NAME = "$(TARGET_NAME)";
				SWIFT_VERSION = 4.2;
				TARGETED_DEVICE_FAMILY = "1,2";
			};
			name = Debug;
		};
		A43859872253655300A3F3E4 /* Release */ = {
			isa = XCBuildConfiguration;
			buildSettings = {
				ASSETCATALOG_COMPILER_APPICON_NAME = AppIcon;
				CODE_SIGN_STYLE = Automatic;
				DEVELOPMENT_TEAM = 87JPL66L2H;
				INFOPLIST_FILE = Minesweeper/Info.plist;
				LD_RUNPATH_SEARCH_PATHS = (
					"$(inherited)",
					"@executable_path/Frameworks",
				);
				PRODUCT_BUNDLE_IDENTIFIER = chencohen.Minesweeper;
				PRODUCT_NAME = "$(TARGET_NAME)";
				SWIFT_VERSION = 4.2;
				TARGETED_DEVICE_FAMILY = "1,2";
			};
			name = Release;
		};
/* End XCBuildConfiguration section */

/* Begin XCConfigurationList section */
		A438596E2253654D00A3F3E4 /* Build configuration list for PBXProject "Minesweeper" */ = {
			isa = XCConfigurationList;
			buildConfigurations = (
				A43859832253655300A3F3E4 /* Debug */,
				A43859842253655300A3F3E4 /* Release */,
			);
			defaultConfigurationIsVisible = 0;
			defaultConfigurationName = Release;
		};
		A43859852253655300A3F3E4 /* Build configuration list for PBXNativeTarget "Minesweeper" */ = {
			isa = XCConfigurationList;
			buildConfigurations = (
				A43859862253655300A3F3E4 /* Debug */,
				A43859872253655300A3F3E4 /* Release */,
			);
			defaultConfigurationIsVisible = 0;
			defaultConfigurationName = Release;
		};
/* End XCConfigurationList section */

/* Begin XCVersionGroup section */
		A4D7D2EF2263B35400FCF085 /* DataModel.xcdatamodeld */ = {
			isa = XCVersionGroup;
			children = (
				A4D7D2F02263B35400FCF085 /* DataModel.xcdatamodel */,
			);
			currentVersion = A4D7D2F02263B35400FCF085 /* DataModel.xcdatamodel */;
			path = DataModel.xcdatamodeld;
			sourceTree = "<group>";
			versionGroupType = wrapper.xcdatamodel;
		};
/* End XCVersionGroup section */
	};
	rootObject = A438596B2253654D00A3F3E4 /* Project object */;
}
